<?xml version="1.0" encoding="utf-8"?>
<Project ToolsVersion="4.0" xmlns="http://schemas.microsoft.com/developer/msbuild/2003">
  <ItemGroup>
    <Filter Include="MiniEngine">
      <UniqueIdentifier>{8806C7F3-74BE-0841-DDC5-E19CC99CA331}</UniqueIdentifier>
    </Filter>
    <Filter Include="MiniEngine\Events">
      <UniqueIdentifier>{6C0953E7-D81F-517D-2197-DC9E8DEC2105}</UniqueIdentifier>
    </Filter>
  </ItemGroup>
  <ItemGroup>
    <ClInclude Include="src\MGpch.h" />
    <ClInclude Include="src\MiniEngine.h" />
    <ClInclude Include="src\MiniEngine\Application.h">
      <Filter>MiniEngine</Filter>
    </ClInclude>
    <ClInclude Include="src\MiniEngine\Core.h">
      <Filter>MiniEngine</Filter>
    </ClInclude>
    <ClInclude Include="src\MiniEngine\EntryPoint.h">
      <Filter>MiniEngine</Filter>
    </ClInclude>
    <ClInclude Include="src\MiniEngine\Events\ApplicationEvent.h">
      <Filter>MiniEngine\Events</Filter>
    </ClInclude>
    <ClInclude Include="src\MiniEngine\Events\Event.h">
      <Filter>MiniEngine\Events</Filter>
    </ClInclude>
    <ClInclude Include="src\MiniEngine\Events\KeyEvent.h">
      <Filter>MiniEngine\Events</Filter>
    </ClInclude>
    <ClInclude Include="src\MiniEngine\Events\MouseEvent.h">
      <Filter>MiniEngine\Events</Filter>
    </ClInclude>
    <ClInclude Include="src\MiniEngine\Log.h">
      <Filter>MiniEngine</Filter>
    </ClInclude>
    <ClInclude Include="src\MiniEngine\Window.h">
      <Filter>MiniEngine</Filter>
    </ClInclude>
    <ClInclude Include="src\Platform\Windows\WindowsWindow.h" />
  </ItemGroup>
  <ItemGroup>
    <ClCompile Include="src\MGpch.cpp" />
    <ClCompile Include="src\MiniEngine\Application.cpp">
      <Filter>MiniEngine</Filter>
    </ClCompile>
    <ClCompile Include="src\MiniEngine\Log.cpp">
      <Filter>MiniEngine</Filter>
    </ClCompile>
    <ClCompile Include="src\Platform\Windows\WindowsWindow.cpp" />
  </ItemGroup>
</Project>